
Microsoft Visual Studio Solution File, Format Version 12.00
# Visual Studio 2013
VisualStudioVersion = 12.0.30501.0
MinimumVisualStudioVersion = 10.0.40219.1
Project("{FAE04EC0-301F-11D3-BF4B-00C04F79EFBC}") = "Animelist", "Animelist\Animelist.csproj", "{F78B617E-76E7-4679-9569-FADF77DC784E}"
EndProject
Project("{FAE04EC0-301F-11D3-BF4B-00C04F79EFBC}") = "AnimelistTest", "AnimelistTest\AnimelistTest.csproj", "{42171519-2412-457A-8B9D-E5CA8051231D}"
EndProject
Global
	GlobalSection(SolutionConfigurationPlatforms) = preSolution
		Debug|Any CPU = Debug|Any CPU
		Release|Any CPU = Release|Any CPU
	EndGlobalSection
	GlobalSection(ProjectConfigurationPlatforms) = postSolution
		{F78B617E-76E7-4679-9569-FADF77DC784E}.Debug|Any CPU.ActiveCfg = Debug|Any CPU
		{F78B617E-76E7-4679-9569-FADF77DC784E}.Debug|Any CPU.Build.0 = Debug|Any CPU
		{F78B617E-76E7-4679-9569-FADF77DC784E}.Release|Any CPU.ActiveCfg = Release|Any CPU
		{F78B617E-76E7-4679-9569-FADF77DC784E}.Release|Any CPU.Build.0 = Release|Any CPU
		{42171519-2412-457A-8B9D-E5CA8051231D}.Debug|Any CPU.ActiveCfg = Debug|Any CPU
		{42171519-2412-457A-8B9D-E5CA8051231D}.Debug|Any CPU.Build.0 = Debug|Any CPU
		{42171519-2412-457A-8B9D-E5CA8051231D}.Release|Any CPU.ActiveCfg = Release|Any CPU
		{42171519-2412-457A-8B9D-E5CA8051231D}.Release|Any CPU.Build.0 = Release|Any CPU
	EndGlobalSection
	GlobalSection(SolutionProperties) = preSolution
		HideSolutionNode = FALSE
	EndGlobalSection
EndGlobal
